
Microsoft Visual Studio Solution File, Format Version 12.00
# Visual Studio Version 17
VisualStudioVersion = 17.9.34723.18
MinimumVisualStudioVersion = 10.0.40219.1
Project("{FAE04EC0-301F-11D3-BF4B-00C04F79EFBC}") = "HelloWorld", "HelloWorld\HelloWorld.csproj", "{350BB101-1D3D-4829-B8A7-BE3F2E2106EC}"
EndProject
Global
	GlobalSection(SolutionConfigurationPlatforms) = preSolution
		Debug|Any CPU = Debug|Any CPU
		Release|Any CPU = Release|Any CPU
	EndGlobalSection
	GlobalSection(ProjectConfigurationPlatforms) = postSolution
		{350BB101-1D3D-4829-B8A7-BE3F2E2106EC}.Debug|Any CPU.ActiveCfg = Debug|Any CPU
		{350BB101-1D3D-4829-B8A7-BE3F2E2106EC}.Debug|Any CPU.Build.0 = Debug|Any CPU
		{350BB101-1D3D-4829-B8A7-BE3F2E2106EC}.Release|Any CPU.ActiveCfg = Release|Any CPU
		{350BB101-1D3D-4829-B8A7-BE3F2E2106EC}.Release|Any CPU.Build.0 = Release|Any CPU
	EndGlobalSection
	GlobalSection(SolutionProperties) = preSolution
		HideSolutionNode = FALSE
	EndGlobalSection
	GlobalSection(ExtensibilityGlobals) = postSolution
		SolutionGuid = {6A48F931-7647-4C95-A4B1-D6F5BF3D99E5}
	EndGlobalSection
EndGlobal
